
Microsoft Visual Studio Solution File, Format Version 12.00
# Visual Studio 15
VisualStudioVersion = 15.0.28307.1684
MinimumVisualStudioVersion = 10.0.40219.1
Project("{FAE04EC0-301F-11D3-BF4B-00C04F79EFBC}") = "sequence_arr", "sequence_arr\sequence_arr.csproj", "{1B96DEF4-6DE1-4767-BEBA-3C34C3876C79}"
EndProject
Global
	GlobalSection(SolutionConfigurationPlatforms) = preSolution
		Debug|Any CPU = Debug|Any CPU
		Release|Any CPU = Release|Any CPU
	EndGlobalSection
	GlobalSection(ProjectConfigurationPlatforms) = postSolution
		{1B96DEF4-6DE1-4767-BEBA-3C34C3876C79}.Debug|Any CPU.ActiveCfg = Debug|Any CPU
		{1B96DEF4-6DE1-4767-BEBA-3C34C3876C79}.Debug|Any CPU.Build.0 = Debug|Any CPU
		{1B96DEF4-6DE1-4767-BEBA-3C34C3876C79}.Release|Any CPU.ActiveCfg = Release|Any CPU
		{1B96DEF4-6DE1-4767-BEBA-3C34C3876C79}.Release|Any CPU.Build.0 = Release|Any CPU
	EndGlobalSection
	GlobalSection(SolutionProperties) = preSolution
		HideSolutionNode = FALSE
	EndGlobalSection
	GlobalSection(ExtensibilityGlobals) = postSolution
		SolutionGuid = {86D7B8C0-3DDF-4188-B9D6-D861AB9A1838}
	EndGlobalSection
EndGlobal
