
Microsoft Visual Studio Solution File, Format Version 12.00
# Visual Studio 15
VisualStudioVersion = 15.0.28307.1684
MinimumVisualStudioVersion = 10.0.40219.1
Project("{FAE04EC0-301F-11D3-BF4B-00C04F79EFBC}") = "BaseConversionProblem_Stack", "BaseConversionProblem_Stack\BaseConversionProblem_Stack.csproj", "{DF8EB2E3-42B7-49A0-A8AF-F362041E6D9E}"
EndProject
Global
	GlobalSection(SolutionConfigurationPlatforms) = preSolution
		Debug|Any CPU = Debug|Any CPU
		Release|Any CPU = Release|Any CPU
	EndGlobalSection
	GlobalSection(ProjectConfigurationPlatforms) = postSolution
		{DF8EB2E3-42B7-49A0-A8AF-F362041E6D9E}.Debug|Any CPU.ActiveCfg = Debug|Any CPU
		{DF8EB2E3-42B7-49A0-A8AF-F362041E6D9E}.Debug|Any CPU.Build.0 = Debug|Any CPU
		{DF8EB2E3-42B7-49A0-A8AF-F362041E6D9E}.Release|Any CPU.ActiveCfg = Release|Any CPU
		{DF8EB2E3-42B7-49A0-A8AF-F362041E6D9E}.Release|Any CPU.Build.0 = Release|Any CPU
	EndGlobalSection
	GlobalSection(SolutionProperties) = preSolution
		HideSolutionNode = FALSE
	EndGlobalSection
	GlobalSection(ExtensibilityGlobals) = postSolution
		SolutionGuid = {312543D6-2EA9-40F0-A50E-4099CF37ADA2}
	EndGlobalSection
EndGlobal
